# This file is automatically @generated by Cargo.
# It is not intended for manual editing.
version = 4

[[package]]
name = "anyhow"
version = "0.1.0"

[[package]]
name = "chrono"
version = "0.1.0"

[[package]]
name = "greytl-cli"
version = "0.1.0"

[[package]]
name = "greytl-runtime"
version = "0.1.0"

[[package]]
name = "greytl-sink"
version = "0.1.0"

[[package]]
name = "greytl-source"
version = "0.1.0"

[[package]]
name = "greytl-state"
version = "0.1.0"
dependencies = [
 "anyhow",
 "chrono",
 "greytl-types",
]

[[package]]
name = "greytl-types"
version = "0.1.0"
dependencies = [
 "anyhow",
 "chrono",
 "serde_json",
]

[[package]]
name = "greytl-worker-duckdb"
version = "0.1.0"

[[package]]
name = "serde_json"
version = "0.1.0"
